# This file is automatically @generated by Poetry 2.1.2 and should not be changed by hand.

[[package]]
name = "clang"
version = "21.1.7"
description = "libclang python bindings"
optional = false
python-versions = "*"
groups = ["main"]
files = [
    {file = "clang-21.1.7-py3-none-any.whl", hash = "sha256:23ee8f7b62af648009aee5139516b2a2a9320680dbce6e42a53e48bd5e8983ea"},
    {file = "clang-21.1.7.tar.gz", hash = "sha256:01d5602b3fff77fef6d691a193d7aead4766b0f11d789d596200f3334a88f4b8"},
]

[metadata]
lock-version = "2.1"
python-versions = ">=3.13"
content-hash = "7da6b5899bf6495cc8115e155d2d67023ba18dbc381908d779423f3051697d55"
