# This file is automatically @generated by Poetry 2.1.2 and should not be changed by hand.

[[package]]
name = "clang"
version = "20.1.5"
description = "libclang python bindings"
optional = false
python-versions = "*"
groups = ["main"]
files = [
    {file = "clang-20.1.5-py3-none-any.whl", hash = "sha256:b816c582ee8d230a7591386569cfb9311bf67339136aed7fd48264009da9c0b3"},
    {file = "clang-20.1.5.tar.gz", hash = "sha256:1395dc8f51a4542644356cacae482d797b2e1b3f72ab7674af42de593a3dff7f"},
]

[metadata]
lock-version = "2.1"
python-versions = ">=3.13"
content-hash = "999043372429ddddd71a8286b0cf1bf126369478e69d5e4b249f7da9aa24498a"
